
Microsoft Visual Studio Solution File, Format Version 12.00
# Visual Studio Version 17
VisualStudioVersion = 17.12.35527.113
MinimumVisualStudioVersion = 10.0.40219.1
Project("{2150E333-8FDC-42A3-9474-1A3956D46DE8}") = "src", "src", "{05805F56-3EE8-4A69-8241-552748389AD4}"
EndProject
Project("{FAE04EC0-301F-11D3-BF4B-00C04F79EFBC}") = "EFDemo2", "EFDemo2\EFDemo2.csproj", "{1E903DF4-4BA1-4AA1-A137-460FCE44F61D}"
EndProject
Global
	GlobalSection(SolutionConfigurationPlatforms) = preSolution
		Debug|Any CPU = Debug|Any CPU
		Release|Any CPU = Release|Any CPU
	EndGlobalSection
	GlobalSection(ProjectConfigurationPlatforms) = postSolution
		{1E903DF4-4BA1-4AA1-A137-460FCE44F61D}.Debug|Any CPU.ActiveCfg = Debug|Any CPU
		{1E903DF4-4BA1-4AA1-A137-460FCE44F61D}.Debug|Any CPU.Build.0 = Debug|Any CPU
		{1E903DF4-4BA1-4AA1-A137-460FCE44F61D}.Release|Any CPU.ActiveCfg = Release|Any CPU
		{1E903DF4-4BA1-4AA1-A137-460FCE44F61D}.Release|Any CPU.Build.0 = Release|Any CPU
	EndGlobalSection
	GlobalSection(SolutionProperties) = preSolution
		HideSolutionNode = FALSE
	EndGlobalSection
	GlobalSection(NestedProjects) = preSolution
		{1E903DF4-4BA1-4AA1-A137-460FCE44F61D} = {05805F56-3EE8-4A69-8241-552748389AD4}
	EndGlobalSection
EndGlobal
